
Microsoft Visual Studio Solution File, Format Version 12.00
# Visual Studio Version 17
VisualStudioVersion = 17.11.35219.272
MinimumVisualStudioVersion = 10.0.40219.1
Project("{FAE04EC0-301F-11D3-BF4B-00C04F79EFBC}") = "Plugin_Framework", "Plugin_Framework\Plugin_Framework.csproj", "{B39DE1E6-2DFB-4197-AEBA-109C71104500}"
EndProject
Project("{FAE04EC0-301F-11D3-BF4B-00C04F79EFBC}") = "ImageProcessingFramework", "ImageProcessingFramework\ImageProcessingFramework.csproj", "{F3090FD9-34D7-44E6-8F60-F2E3646D0DC0}"
EndProject
Global
	GlobalSection(SolutionConfigurationPlatforms) = preSolution
		Debug|Any CPU = Debug|Any CPU
		Release|Any CPU = Release|Any CPU
	EndGlobalSection
	GlobalSection(ProjectConfigurationPlatforms) = postSolution
		{B39DE1E6-2DFB-4197-AEBA-109C71104500}.Debug|Any CPU.ActiveCfg = Debug|Any CPU
		{B39DE1E6-2DFB-4197-AEBA-109C71104500}.Debug|Any CPU.Build.0 = Debug|Any CPU
		{B39DE1E6-2DFB-4197-AEBA-109C71104500}.Release|Any CPU.ActiveCfg = Release|Any CPU
		{B39DE1E6-2DFB-4197-AEBA-109C71104500}.Release|Any CPU.Build.0 = Release|Any CPU
		{F3090FD9-34D7-44E6-8F60-F2E3646D0DC0}.Debug|Any CPU.ActiveCfg = Debug|Any CPU
		{F3090FD9-34D7-44E6-8F60-F2E3646D0DC0}.Debug|Any CPU.Build.0 = Debug|Any CPU
		{F3090FD9-34D7-44E6-8F60-F2E3646D0DC0}.Release|Any CPU.ActiveCfg = Release|Any CPU
		{F3090FD9-34D7-44E6-8F60-F2E3646D0DC0}.Release|Any CPU.Build.0 = Release|Any CPU
	EndGlobalSection
	GlobalSection(SolutionProperties) = preSolution
		HideSolutionNode = FALSE
	EndGlobalSection
	GlobalSection(ExtensibilityGlobals) = postSolution
		SolutionGuid = {6B497590-8004-423A-A14B-C62F51CA4225}
	EndGlobalSection
EndGlobal
